lockfileVersion: '6.0'

settings:
  autoInstallPeers: true
  excludeLinksFromLockfile: false

dependencies:
  openai:
    specifier: ^4.0.1
    version: registry.npmjs.org/openai@4.0.1

packages:

  registry.npmjs.org/@types/node-fetch@2.6.4:
    resolution: {integrity: sha512-1ZX9fcN4Rvkvgv4E6PAY5WXUFWFcRWxZa3EW83UjycOB9ljJCedb2CupIP4RZMEwF/M3eTcCihbBRgwtGbg5Rg==, registry: https://registry.yarnpkg.com/, tarball: https://registry.npmjs.org/@types/node-fetch/-/node-fetch-2.6.4.tgz}
    name: '@types/node-fetch'
    version: 2.6.4
    dependencies:
      '@types/node': registry.npmjs.org/@types/node@18.17.8
      form-data: registry.npmjs.org/form-data@3.0.1
    dev: false

  registry.npmjs.org/@types/node@18.17.8:
    resolution: {integrity: sha512-Av/7MqX/iNKwT9Tr60V85NqMnsmh8ilfJoBlIVibkXfitk9Q22D9Y5mSpm+FvG5DET7EbVfB40bOiLzKgYFgPw==, registry: https://registry.yarnpkg.com/, tarball: https://registry.npmjs.org/@types/node/-/node-18.17.8.tgz}
    name: '@types/node'
    version: 18.17.8
    dev: false

  registry.npmjs.org/abort-controller@3.0.0:
    resolution: {integrity: sha512-h8lQ8tacZYnR3vNQTgibj+tODHI5/+l06Au2Pcriv/Gmet0eaj4TwWH41sO9wnHDiQsEj19q0drzdWdeAHtweg==, registry: https://registry.yarnpkg.com/, tarball: https://registry.npmjs.org/abort-controller/-/abort-controller-3.0.0.tgz}
    name: abort-controller
    version: 3.0.0
    engines: {node: '>=6.5'}
    dependencies:
      event-target-shim: registry.npmjs.org/event-target-shim@5.0.1
    dev: false

  registry.npmjs.org/agentkeepalive@4.5.0:
    resolution: {integrity: sha512-5GG/5IbQQpC9FpkRGsSvZI5QYeSCzlJHdpBQntCsuTOxhKD8lqKhrleg2Yi7yvMIf82Ycmmqln9U8V9qwEiJew==, registry: https://registry.yarnpkg.com/, tarball: https://registry.npmjs.org/agentkeepalive/-/agentkeepalive-4.5.0.tgz}
    name: agentkeepalive
    version: 4.5.0
    engines: {node: '>= 8.0.0'}
    dependencies:
      humanize-ms: registry.npmjs.org/humanize-ms@1.2.1
    dev: false

  registry.npmjs.org/asynckit@0.4.0:
    resolution: {integrity: sha512-Oei9OH4tRh0YqU3GxhX79dM/mwVgvbZJaSNaRk+bshkj0S5cfHcgYakreBjrHwatXKbz+IoIdYLxrKim2MjW0Q==, registry: https://registry.yarnpkg.com/, tarball: https://registry.npmjs.org/asynckit/-/asynckit-0.4.0.tgz}
    name: asynckit
    version: 0.4.0
    dev: false

  registry.npmjs.org/base-64@0.1.0:
    resolution: {integrity: sha512-Y5gU45svrR5tI2Vt/X9GPd3L0HNIKzGu202EjxrXMpuc2V2CiKgemAbUUsqYmZJvPtCXoUKjNZwBJzsNScUbXA==, registry: https://registry.yarnpkg.com/, tarball: https://registry.npmjs.org/base-64/-/base-64-0.1.0.tgz}
    name: base-64
    version: 0.1.0
    dev: false

  registry.npmjs.org/charenc@0.0.2:
    resolution: {integrity: sha512-yrLQ/yVUFXkzg7EDQsPieE/53+0RlaWTs+wBrvW36cyilJ2SaDWfl4Yj7MtLTXleV9uEKefbAGUPv2/iWSooRA==, registry: https://registry.yarnpkg.com/, tarball: https://registry.npmjs.org/charenc/-/charenc-0.0.2.tgz}
    name: charenc
    version: 0.0.2
    dev: false

  registry.npmjs.org/combined-stream@1.0.8:
    resolution: {integrity: sha512-FQN4MRfuJeHf7cBbBMJFXhKSDq+2kAArBlmRBvcvFE5BB1HZKXtSFASDhdlz9zOYwxh8lDdnvmMOe/+5cdoEdg==, registry: https://registry.yarnpkg.com/, tarball: https://registry.npmjs.org/combined-stream/-/combined-stream-1.0.8.tgz}
    name: combined-stream
    version: 1.0.8
    engines: {node: '>= 0.8'}
    dependencies:
      delayed-stream: registry.npmjs.org/delayed-stream@1.0.0
    dev: false

  registry.npmjs.org/crypt@0.0.2:
    resolution: {integrity: sha512-mCxBlsHFYh9C+HVpiEacem8FEBnMXgU9gy4zmNC+SXAZNB/1idgp/aulFJ4FgCi7GPEVbfyng092GqL2k2rmow==, registry: https://registry.yarnpkg.com/, tarball: https://registry.npmjs.org/crypt/-/crypt-0.0.2.tgz}
    name: crypt
    version: 0.0.2
    dev: false

  registry.npmjs.org/delayed-stream@1.0.0:
    resolution: {integrity: sha512-ZySD7Nf91aLB0RxL4KGrKHBXl7Eds1DAmEdcoVawXnLD7SDhpNgtuII2aAkg7a7QS41jxPSZ17p4VdGnMHk3MQ==, registry: https://registry.yarnpkg.com/, tarball: https://registry.npmjs.org/delayed-stream/-/delayed-stream-1.0.0.tgz}
    name: delayed-stream
    version: 1.0.0
    engines: {node: '>=0.4.0'}
    dev: false

  registry.npmjs.org/digest-fetch@1.3.0:
    resolution: {integrity: sha512-CGJuv6iKNM7QyZlM2T3sPAdZWd/p9zQiRNS9G+9COUCwzWFTs0Xp8NF5iePx7wtvhDykReiRRrSeNb4oMmB8lA==, registry: https://registry.yarnpkg.com/, tarball: https://registry.npmjs.org/digest-fetch/-/digest-fetch-1.3.0.tgz}
    name: digest-fetch
    version: 1.3.0
    dependencies:
      base-64: registry.npmjs.org/base-64@0.1.0
      md5: registry.npmjs.org/md5@2.3.0
    dev: false

  registry.npmjs.org/event-target-shim@5.0.1:
    resolution: {integrity: sha512-i/2XbnSz/uxRCU6+NdVJgKWDTM427+MqYbkQzD321DuCQJUqOuJKIA0IM2+W2xtYHdKOmZ4dR6fExsd4SXL+WQ==, registry: https://registry.yarnpkg.com/, tarball: https://registry.npmjs.org/event-target-shim/-/event-target-shim-5.0.1.tgz}
    name: event-target-shim
    version: 5.0.1
    engines: {node: '>=6'}
    dev: false

  registry.npmjs.org/form-data-encoder@1.7.2:
    resolution: {integrity: sha512-qfqtYan3rxrnCk1VYaA4H+Ms9xdpPqvLZa6xmMgFvhO32x7/3J/ExcTd6qpxM0vH2GdMI+poehyBZvqfMTto8A==, registry: https://registry.yarnpkg.com/, tarball: https://registry.npmjs.org/form-data-encoder/-/form-data-encoder-1.7.2.tgz}
    name: form-data-encoder
    version: 1.7.2
    dev: false

  registry.npmjs.org/form-data@3.0.1:
    resolution: {integrity: sha512-RHkBKtLWUVwd7SqRIvCZMEvAMoGUp0XU+seQiZejj0COz3RI3hWP4sCv3gZWWLjJTd7rGwcsF5eKZGii0r/hbg==, registry: https://registry.yarnpkg.com/, tarball: https://registry.npmjs.org/form-data/-/form-data-3.0.1.tgz}
    name: form-data
    version: 3.0.1
    engines: {node: '>= 6'}
    dependencies:
      asynckit: registry.npmjs.org/asynckit@0.4.0
      combined-stream: registry.npmjs.org/combined-stream@1.0.8
      mime-types: registry.npmjs.org/mime-types@2.1.35
    dev: false

  registry.npmjs.org/formdata-node@4.4.1:
    resolution: {integrity: sha512-0iirZp3uVDjVGt9p49aTaqjk84TrglENEDuqfdlZQ1roC9CWlPk6Avf8EEnZNcAqPonwkG35x4n3ww/1THYAeQ==, registry: https://registry.yarnpkg.com/, tarball: https://registry.npmjs.org/formdata-node/-/formdata-node-4.4.1.tgz}
    name: formdata-node
    version: 4.4.1
    engines: {node: '>= 12.20'}
    dependencies:
      node-domexception: registry.npmjs.org/node-domexception@1.0.0
      web-streams-polyfill: registry.npmjs.org/web-streams-polyfill@4.0.0-beta.3
    dev: false

  registry.npmjs.org/humanize-ms@1.2.1:
    resolution: {integrity: sha512-Fl70vYtsAFb/C06PTS9dZBo7ihau+Tu/DNCk/OyHhea07S+aeMWpFFkUaXRa8fI+ScZbEI8dfSxwY7gxZ9SAVQ==, registry: https://registry.yarnpkg.com/, tarball: https://registry.npmjs.org/humanize-ms/-/humanize-ms-1.2.1.tgz}
    name: humanize-ms
    version: 1.2.1
    dependencies:
      ms: registry.npmjs.org/ms@2.1.3
    dev: false

  registry.npmjs.org/is-buffer@1.1.6:
    resolution: {integrity: sha512-NcdALwpXkTm5Zvvbk7owOUSvVvBKDgKP5/ewfXEznmQFfs4ZRmanOeKBTjRVjka3QFoN6XJ+9F3USqfHqTaU5w==, registry: https://registry.yarnpkg.com/, tarball: https://registry.npmjs.org/is-buffer/-/is-buffer-1.1.6.tgz}
    name: is-buffer
    version: 1.1.6
    dev: false

  registry.npmjs.org/md5@2.3.0:
    resolution: {integrity: sha512-T1GITYmFaKuO91vxyoQMFETst+O71VUPEU3ze5GNzDm0OWdP8v1ziTaAEPUr/3kLsY3Sftgz242A1SetQiDL7g==, registry: https://registry.yarnpkg.com/, tarball: https://registry.npmjs.org/md5/-/md5-2.3.0.tgz}
    name: md5
    version: 2.3.0
    dependencies:
      charenc: registry.npmjs.org/charenc@0.0.2
      crypt: registry.npmjs.org/crypt@0.0.2
      is-buffer: registry.npmjs.org/is-buffer@1.1.6
    dev: false

  registry.npmjs.org/mime-db@1.52.0:
    resolution: {integrity: sha512-sPU4uV7dYlvtWJxwwxHD0PuihVNiE7TyAbQ5SWxDCB9mUYvOgroQOwYQQOKPJ8CIbE+1ETVlOoK1UC2nU3gYvg==, registry: https://registry.yarnpkg.com/, tarball: https://registry.npmjs.org/mime-db/-/mime-db-1.52.0.tgz}
    name: mime-db
    version: 1.52.0
    engines: {node: '>= 0.6'}
    dev: false

  registry.npmjs.org/mime-types@2.1.35:
    resolution: {integrity: sha512-ZDY+bPm5zTTF+YpCrAU9nK0UgICYPT0QtT1NZWFv4s++TNkcgVaT0g6+4R2uI4MjQjzysHB1zxuWL50hzaeXiw==, registry: https://registry.yarnpkg.com/, tarball: https://registry.npmjs.org/mime-types/-/mime-types-2.1.35.tgz}
    name: mime-types
    version: 2.1.35
    engines: {node: '>= 0.6'}
    dependencies:
      mime-db: registry.npmjs.org/mime-db@1.52.0
    dev: false

  registry.npmjs.org/ms@2.1.3:
    resolution: {integrity: sha512-6FlzubTLZG3J2a/NVCAleEhjzq5oxgHyaCU9yYXvcLsvoVaHJq/s5xXI6/XXP6tz7R9xAOtHnSO/tXtF3WRTlA==, registry: https://registry.yarnpkg.com/, tarball: https://registry.npmjs.org/ms/-/ms-2.1.3.tgz}
    name: ms
    version: 2.1.3
    dev: false

  registry.npmjs.org/node-domexception@1.0.0:
    resolution: {integrity: sha512-/jKZoMpw0F8GRwl4/eLROPA3cfcXtLApP0QzLmUT/HuPCZWyB7IY9ZrMeKw2O/nFIqPQB3PVM9aYm0F312AXDQ==, registry: https://registry.yarnpkg.com/, tarball: https://registry.npmjs.org/node-domexception/-/node-domexception-1.0.0.tgz}
    name: node-domexception
    version: 1.0.0
    engines: {node: '>=10.5.0'}
    dev: false

  registry.npmjs.org/node-fetch@2.6.13:
    resolution: {integrity: sha512-StxNAxh15zr77QvvkmveSQ8uCQ4+v5FkvNTj0OESmiHu+VRi/gXArXtkWMElOsOUNLtUEvI4yS+rdtOHZTwlQA==, registry: https://registry.yarnpkg.com/, tarball: https://registry.npmjs.org/node-fetch/-/node-fetch-2.6.13.tgz}
    name: node-fetch
    version: 2.6.13
    engines: {node: 4.x || >=6.0.0}
    peerDependencies:
      encoding: ^0.1.0
    peerDependenciesMeta:
      encoding:
        optional: true
    dependencies:
      whatwg-url: registry.npmjs.org/whatwg-url@5.0.0
    dev: false

  registry.npmjs.org/openai@4.0.1:
    resolution: {integrity: sha512-UanMv/kCD/ylgOdBrkkRgkoFXdfENrXYWNvYdvPttXZaEJmRVY9MZSknlkWYH7iPMX6tTcz6szbI2d3O04UFag==, registry: https://registry.yarnpkg.com/, tarball: https://registry.npmjs.org/openai/-/openai-4.0.1.tgz}
    name: openai
    version: 4.0.1
    hasBin: true
    dependencies:
      '@types/node': registry.npmjs.org/@types/node@18.17.8
      '@types/node-fetch': registry.npmjs.org/@types/node-fetch@2.6.4
      abort-controller: registry.npmjs.org/abort-controller@3.0.0
      agentkeepalive: registry.npmjs.org/agentkeepalive@4.5.0
      digest-fetch: registry.npmjs.org/digest-fetch@1.3.0
      form-data-encoder: registry.npmjs.org/form-data-encoder@1.7.2
      formdata-node: registry.npmjs.org/formdata-node@4.4.1
      node-fetch: registry.npmjs.org/node-fetch@2.6.13
    transitivePeerDependencies:
      - encoding
    dev: false

  registry.npmjs.org/tr46@0.0.3:
    resolution: {integrity: sha512-N3WMsuqV66lT30CrXNbEjx4GEwlow3v6rr4mCcv6prnfwhS01rkgyFdjPNBYd9br7LpXV1+Emh01fHnq2Gdgrw==, registry: https://registry.yarnpkg.com/, tarball: https://registry.npmjs.org/tr46/-/tr46-0.0.3.tgz}
    name: tr46
    version: 0.0.3
    dev: false

  registry.npmjs.org/web-streams-polyfill@4.0.0-beta.3:
    resolution: {integrity: sha512-QW95TCTaHmsYfHDybGMwO5IJIM93I/6vTRk+daHTWFPhwh+C8Cg7j7XyKrwrj8Ib6vYXe0ocYNrmzY4xAAN6ug==, registry: https://registry.yarnpkg.com/, tarball: https://registry.npmjs.org/web-streams-polyfill/-/web-streams-polyfill-4.0.0-beta.3.tgz}
    name: web-streams-polyfill
    version: 4.0.0-beta.3
    engines: {node: '>= 14'}
    dev: false

  registry.npmjs.org/webidl-conversions@3.0.1:
    resolution: {integrity: sha512-2JAn3z8AR6rjK8Sm8orRC0h/bcl/DqL7tRPdGZ4I1CjdF+EaMLmYxBHyXuKL849eucPFhvBoxMsflfOb8kxaeQ==, registry: https://registry.yarnpkg.com/, tarball: https://registry.npmjs.org/webidl-conversions/-/webidl-conversions-3.0.1.tgz}
    name: webidl-conversions
    version: 3.0.1
    dev: false

  registry.npmjs.org/whatwg-url@5.0.0:
    resolution: {integrity: sha512-saE57nupxk6v3HY35+jzBwYa0rKSy0XR8JSxZPwgLr7ys0IBzhGviA1/TUGJLmSVqs8pb9AnvICXEuOHLprYTw==, registry: https://registry.yarnpkg.com/, tarball: https://registry.npmjs.org/whatwg-url/-/whatwg-url-5.0.0.tgz}
    name: whatwg-url
    version: 5.0.0
    dependencies:
      tr46: registry.npmjs.org/tr46@0.0.3
      webidl-conversions: registry.npmjs.org/webidl-conversions@3.0.1
    dev: false
